
Microsoft Visual Studio Solution File, Format Version 12.00
# Visual Studio Version 16
VisualStudioVersion = 16.0.29728.190
MinimumVisualStudioVersion = 10.0.40219.1
Project("{FAE04EC0-301F-11D3-BF4B-00C04F79EFBC}") = "Program 4", "Program 4\Program 4.csproj", "{53367DA8-AD8C-49BC-B898-BB0E4581EAEC}"
EndProject
Global
	GlobalSection(SolutionConfigurationPlatforms) = preSolution
		Debug|Any CPU = Debug|Any CPU
		Release|Any CPU = Release|Any CPU
	EndGlobalSection
	GlobalSection(ProjectConfigurationPlatforms) = postSolution
		{53367DA8-AD8C-49BC-B898-BB0E4581EAEC}.Debug|Any CPU.ActiveCfg = Debug|Any CPU
		{53367DA8-AD8C-49BC-B898-BB0E4581EAEC}.Debug|Any CPU.Build.0 = Debug|Any CPU
		{53367DA8-AD8C-49BC-B898-BB0E4581EAEC}.Release|Any CPU.ActiveCfg = Release|Any CPU
		{53367DA8-AD8C-49BC-B898-BB0E4581EAEC}.Release|Any CPU.Build.0 = Release|Any CPU
	EndGlobalSection
	GlobalSection(SolutionProperties) = preSolution
		HideSolutionNode = FALSE
	EndGlobalSection
	GlobalSection(ExtensibilityGlobals) = postSolution
		SolutionGuid = {DF58BA17-38E5-43A0-8423-93F8E9CADAB9}
	EndGlobalSection
EndGlobal
